
Microsoft Visual Studio Solution File, Format Version 12.00
# Visual Studio Version 17
VisualStudioVersion = 17.9.34728.123
MinimumVisualStudioVersion = 10.0.40219.1
Project("{9A19103F-16F7-4668-BE54-9A1E7A4F7556}") = "DynamicPriceService", "DynamicPriceService\DynamicPriceService.csproj", "{8AD5E5D4-825C-4E4D-8671-9424D4B5A99C}"
EndProject
Project("{9A19103F-16F7-4668-BE54-9A1E7A4F7556}") = "DynamicPriceCore", "DynamicPriceCore\DynamicPriceCore.csproj", "{F5087C86-3AC1-4843-AB26-ADAB6184CAC0}"
EndProject
Project("{FAE04EC0-301F-11D3-BF4B-00C04F79EFBC}") = "DynamicPriceClient", "DynamicPriceClient\DynamicPriceClient.csproj", "{1C9C53A1-F452-4CBC-9C20-015F288C271C}"
EndProject
Global
	GlobalSection(SolutionConfigurationPlatforms) = preSolution
		Debug|Any CPU = Debug|Any CPU
		Release|Any CPU = Release|Any CPU
	EndGlobalSection
	GlobalSection(ProjectConfigurationPlatforms) = postSolution
		{8AD5E5D4-825C-4E4D-8671-9424D4B5A99C}.Debug|Any CPU.ActiveCfg = Debug|Any CPU
		{8AD5E5D4-825C-4E4D-8671-9424D4B5A99C}.Debug|Any CPU.Build.0 = Debug|Any CPU
		{8AD5E5D4-825C-4E4D-8671-9424D4B5A99C}.Release|Any CPU.ActiveCfg = Release|Any CPU
		{8AD5E5D4-825C-4E4D-8671-9424D4B5A99C}.Release|Any CPU.Build.0 = Release|Any CPU
		{F5087C86-3AC1-4843-AB26-ADAB6184CAC0}.Debug|Any CPU.ActiveCfg = Debug|Any CPU
		{F5087C86-3AC1-4843-AB26-ADAB6184CAC0}.Debug|Any CPU.Build.0 = Debug|Any CPU
		{F5087C86-3AC1-4843-AB26-ADAB6184CAC0}.Release|Any CPU.ActiveCfg = Release|Any CPU
		{F5087C86-3AC1-4843-AB26-ADAB6184CAC0}.Release|Any CPU.Build.0 = Release|Any CPU
		{1C9C53A1-F452-4CBC-9C20-015F288C271C}.Debug|Any CPU.ActiveCfg = Debug|Any CPU
		{1C9C53A1-F452-4CBC-9C20-015F288C271C}.Debug|Any CPU.Build.0 = Debug|Any CPU
		{1C9C53A1-F452-4CBC-9C20-015F288C271C}.Release|Any CPU.ActiveCfg = Release|Any CPU
		{1C9C53A1-F452-4CBC-9C20-015F288C271C}.Release|Any CPU.Build.0 = Release|Any CPU
	EndGlobalSection
	GlobalSection(SolutionProperties) = preSolution
		HideSolutionNode = FALSE
	EndGlobalSection
	GlobalSection(ExtensibilityGlobals) = postSolution
		SolutionGuid = {1E4380EB-9A0E-451A-8787-C09B410AB3DC}
	EndGlobalSection
EndGlobal
